
Microsoft Visual Studio Solution File, Format Version 12.00
# Visual Studio Version 16
VisualStudioVersion = 16.0.31129.286
MinimumVisualStudioVersion = 10.0.40219.1
Project("{9A19103F-16F7-4668-BE54-9A1E7A4F7556}") = "NetCoreRabbitMq.RabbitMQ", "InternshipFirstProject.RabbitMQ\NetCoreRabbitMq.RabbitMQ.csproj", "{80F161E4-2EEE-42EE-ABAE-E863BA5C3CC9}"
EndProject
Project("{9A19103F-16F7-4668-BE54-9A1E7A4F7556}") = "NetCoreRabbitMq.MVC", "InternshipFirstProject.MVC\NetCoreRabbitMq.MVC.csproj", "{E7FAC701-737A-447E-8C97-E40701905CC1}"
EndProject
Global
	GlobalSection(SolutionConfigurationPlatforms) = preSolution
		Debug|Any CPU = Debug|Any CPU
		Release|Any CPU = Release|Any CPU
	EndGlobalSection
	GlobalSection(ProjectConfigurationPlatforms) = postSolution
		{80F161E4-2EEE-42EE-ABAE-E863BA5C3CC9}.Debug|Any CPU.ActiveCfg = Debug|Any CPU
		{80F161E4-2EEE-42EE-ABAE-E863BA5C3CC9}.Debug|Any CPU.Build.0 = Debug|Any CPU
		{80F161E4-2EEE-42EE-ABAE-E863BA5C3CC9}.Release|Any CPU.ActiveCfg = Release|Any CPU
		{80F161E4-2EEE-42EE-ABAE-E863BA5C3CC9}.Release|Any CPU.Build.0 = Release|Any CPU
		{E7FAC701-737A-447E-8C97-E40701905CC1}.Debug|Any CPU.ActiveCfg = Debug|Any CPU
		{E7FAC701-737A-447E-8C97-E40701905CC1}.Debug|Any CPU.Build.0 = Debug|Any CPU
		{E7FAC701-737A-447E-8C97-E40701905CC1}.Release|Any CPU.ActiveCfg = Release|Any CPU
		{E7FAC701-737A-447E-8C97-E40701905CC1}.Release|Any CPU.Build.0 = Release|Any CPU
	EndGlobalSection
	GlobalSection(SolutionProperties) = preSolution
		HideSolutionNode = FALSE
	EndGlobalSection
	GlobalSection(ExtensibilityGlobals) = postSolution
		SolutionGuid = {323C8CF5-E70B-412A-9759-7F9C5FF755FD}
	EndGlobalSection
EndGlobal
